
Microsoft Visual Studio Solution File, Format Version 12.00
# Visual Studio 15
Project("{FAE04EC0-301F-11D3-BF4B-00C04F79EFBC}") = "a_sync_test", "a_sync_test.csproj", "{950482C1-446B-46A1-9AB2-AD4482AFC583}"
EndProject
Global
	GlobalSection(SolutionConfigurationPlatforms) = preSolution
		Debug|Any CPU = Debug|Any CPU
		Release|Any CPU = Release|Any CPU
	EndGlobalSection
	GlobalSection(ProjectConfigurationPlatforms) = postSolution
		{950482C1-446B-46A1-9AB2-AD4482AFC583}.Debug|Any CPU.ActiveCfg = Debug|Any CPU
		{950482C1-446B-46A1-9AB2-AD4482AFC583}.Debug|Any CPU.Build.0 = Debug|Any CPU
		{950482C1-446B-46A1-9AB2-AD4482AFC583}.Release|Any CPU.ActiveCfg = Release|Any CPU
		{950482C1-446B-46A1-9AB2-AD4482AFC583}.Release|Any CPU.Build.0 = Release|Any CPU
	EndGlobalSection
EndGlobal
